
Microsoft Visual Studio Solution File, Format Version 12.00
# Visual Studio Version 16
VisualStudioVersion = 16.0.31321.278
MinimumVisualStudioVersion = 10.0.40219.1
Project("{FAE04EC0-301F-11D3-BF4B-00C04F79EFBC}") = "PL_ProyectoFinal", "PL_ProyectoFinal\PL_ProyectoFinal.csproj", "{119A8B32-7D5D-4EB2-90FB-EA7DC181FBA0}"
EndProject
Project("{FAE04EC0-301F-11D3-BF4B-00C04F79EFBC}") = "DAL_ProyectoFinal", "DAL_ProyectoFinal\DAL_ProyectoFinal.csproj", "{8A78C709-64DE-4BBC-8568-574F1134E08F}"
EndProject
Project("{FAE04EC0-301F-11D3-BF4B-00C04F79EFBC}") = "BLL_ProyectoFinal", "BLL_ProyectoFinal\BLL_ProyectoFinal.csproj", "{D5853FAE-53BB-442A-8385-5AD1CD3BAC2A}"
EndProject
Global
	GlobalSection(SolutionConfigurationPlatforms) = preSolution
		Debug|Any CPU = Debug|Any CPU
		Release|Any CPU = Release|Any CPU
	EndGlobalSection
	GlobalSection(ProjectConfigurationPlatforms) = postSolution
		{119A8B32-7D5D-4EB2-90FB-EA7DC181FBA0}.Debug|Any CPU.ActiveCfg = Debug|Any CPU
		{119A8B32-7D5D-4EB2-90FB-EA7DC181FBA0}.Debug|Any CPU.Build.0 = Debug|Any CPU
		{119A8B32-7D5D-4EB2-90FB-EA7DC181FBA0}.Release|Any CPU.ActiveCfg = Release|Any CPU
		{119A8B32-7D5D-4EB2-90FB-EA7DC181FBA0}.Release|Any CPU.Build.0 = Release|Any CPU
		{8A78C709-64DE-4BBC-8568-574F1134E08F}.Debug|Any CPU.ActiveCfg = Debug|Any CPU
		{8A78C709-64DE-4BBC-8568-574F1134E08F}.Debug|Any CPU.Build.0 = Debug|Any CPU
		{8A78C709-64DE-4BBC-8568-574F1134E08F}.Release|Any CPU.ActiveCfg = Release|Any CPU
		{8A78C709-64DE-4BBC-8568-574F1134E08F}.Release|Any CPU.Build.0 = Release|Any CPU
		{D5853FAE-53BB-442A-8385-5AD1CD3BAC2A}.Debug|Any CPU.ActiveCfg = Debug|Any CPU
		{D5853FAE-53BB-442A-8385-5AD1CD3BAC2A}.Debug|Any CPU.Build.0 = Debug|Any CPU
		{D5853FAE-53BB-442A-8385-5AD1CD3BAC2A}.Release|Any CPU.ActiveCfg = Release|Any CPU
		{D5853FAE-53BB-442A-8385-5AD1CD3BAC2A}.Release|Any CPU.Build.0 = Release|Any CPU
	EndGlobalSection
	GlobalSection(SolutionProperties) = preSolution
		HideSolutionNode = FALSE
	EndGlobalSection
	GlobalSection(ExtensibilityGlobals) = postSolution
		SolutionGuid = {B4EBCFC7-C7F3-4EC4-8DBC-3EFF831D6035}
	EndGlobalSection
EndGlobal
